{
  "requires": true,
  "lockfileVersion": 1,
  "dependencies": {
    "any-eval": {
      "version": "1.0.0",
      "resolved": "https://registry.npmjs.org/any-eval/-/any-eval-1.0.0.tgz",
      "integrity": "sha512-/hyPOi/e2pRtglbfHH34Vad8dDmc8OQFtBzDB5nC/Ux93OoNOC6kjr+t1bdUZ7WTro/l8pGrzZM+hUJs75NkyQ==",
      "requires": {
        "json5": "0.5.1",
        "node-eval": "2.0.0"
      }
    },
    "es6-promise": {
      "version": "4.2.8",
      "resolved": "https://registry.npmjs.org/es6-promise/-/es6-promise-4.2.8.tgz",
      "integrity": "sha512-HJDGx5daxeIvxdBxvG2cb9g4tEvwIk3i8+nhX0yGrYmZUzbkdg8QbDevheDB8gd0//uPj4c1EQua8Q+MViT0/w=="
    },
    "es6-promisify": {
      "version": "5.0.0",
      "resolved": "https://registry.npmjs.org/es6-promisify/-/es6-promisify-5.0.0.tgz",
      "integrity": "sha1-UQnWLz5W6pZ8S2NQWu8IKRyKUgM=",
      "requires": {
        "es6-promise": "^4.0.3"
      }
    },
    "file-eval": {
      "version": "2.0.0",
      "resolved": "https://registry.npmjs.org/file-eval/-/file-eval-2.0.0.tgz",
      "integrity": "sha512-87oEj/m8PjkmXJ7Mc8bRHmyZF9fOT8hT5ix8jRWsPVBki1GPL1kdrgzu7fYXP3ShiVGFrA+B1N7Bk7FG0hZg/g==",
      "requires": {
        "any-eval": "1.0.0",
        "es6-promisify": "5.0.0"
      }
    },
    "json5": {
      "version": "0.5.1",
      "resolved": "https://registry.npmjs.org/json5/-/json5-0.5.1.tgz",
      "integrity": "sha1-Hq3nrMASA0rYTiOWdn6tn6VJWCE="
    },
    "node-eval": {
      "version": "2.0.0",
      "resolved": "https://registry.npmjs.org/node-eval/-/node-eval-2.0.0.tgz",
      "integrity": "sha512-Ap+L9HznXAVeJj3TJ1op6M6bg5xtTq8L5CU/PJxtkhea/DrIxdTknGKIECKd/v/Lgql95iuMAYvIzBNd0pmcMg==",
      "requires": {
        "path-is-absolute": "1.0.1"
      }
    },
    "path-is-absolute": {
      "version": "1.0.1",
      "resolved": "https://registry.npmjs.org/path-is-absolute/-/path-is-absolute-1.0.1.tgz",
      "integrity": "sha1-F0uSaHNVNP+8es5r9TpanhtcX18="
    }
  }
}
